
Microsoft Visual Studio Solution File, Format Version 12.00
# Visual Studio Version 17
VisualStudioVersion = 17.0.32112.339
MinimumVisualStudioVersion = 10.0.40219.1
Project("{FAE04EC0-301F-11D3-BF4B-00C04F79EFBC}") = "QLBC", "QLBC.csproj", "{670C59CA-F7EB-4225-A991-440E0216BDF5}"
EndProject
Global
	GlobalSection(SolutionConfigurationPlatforms) = preSolution
		Debug|Any CPU = Debug|Any CPU
		Release|Any CPU = Release|Any CPU
	EndGlobalSection
	GlobalSection(ProjectConfigurationPlatforms) = postSolution
		{670C59CA-F7EB-4225-A991-440E0216BDF5}.Debug|Any CPU.ActiveCfg = Debug|Any CPU
		{670C59CA-F7EB-4225-A991-440E0216BDF5}.Debug|Any CPU.Build.0 = Debug|Any CPU
		{670C59CA-F7EB-4225-A991-440E0216BDF5}.Release|Any CPU.ActiveCfg = Release|Any CPU
		{670C59CA-F7EB-4225-A991-440E0216BDF5}.Release|Any CPU.Build.0 = Release|Any CPU
	EndGlobalSection
	GlobalSection(SolutionProperties) = preSolution
		HideSolutionNode = FALSE
	EndGlobalSection
	GlobalSection(ExtensibilityGlobals) = postSolution
		SolutionGuid = {AC75DF9D-2F8F-4088-95C4-E0C9F163EB37}
	EndGlobalSection
EndGlobal
